
Microsoft Visual Studio Solution File, Format Version 12.00
# Visual Studio Version 17
VisualStudioVersion = 17.11.35312.102
MinimumVisualStudioVersion = 10.0.40219.1
Project("{FAE04EC0-301F-11D3-BF4B-00C04F79EFBC}") = "laba9", "laba9\laba9.csproj", "{DCD635E3-3BDF-4CA6-9054-A1F4E210341D}"
EndProject
Global
	GlobalSection(SolutionConfigurationPlatforms) = preSolution
		Debug|Any CPU = Debug|Any CPU
		Release|Any CPU = Release|Any CPU
	EndGlobalSection
	GlobalSection(ProjectConfigurationPlatforms) = postSolution
		{DCD635E3-3BDF-4CA6-9054-A1F4E210341D}.Debug|Any CPU.ActiveCfg = Debug|Any CPU
		{DCD635E3-3BDF-4CA6-9054-A1F4E210341D}.Debug|Any CPU.Build.0 = Debug|Any CPU
		{DCD635E3-3BDF-4CA6-9054-A1F4E210341D}.Release|Any CPU.ActiveCfg = Release|Any CPU
		{DCD635E3-3BDF-4CA6-9054-A1F4E210341D}.Release|Any CPU.Build.0 = Release|Any CPU
	EndGlobalSection
	GlobalSection(SolutionProperties) = preSolution
		HideSolutionNode = FALSE
	EndGlobalSection
	GlobalSection(ExtensibilityGlobals) = postSolution
		SolutionGuid = {AFB8860A-7090-4BFF-96D1-6107E2B81F7F}
	EndGlobalSection
EndGlobal
