
Microsoft Visual Studio Solution File, Format Version 12.00
# Visual Studio Version 17
VisualStudioVersion = 17.11.35303.130
MinimumVisualStudioVersion = 10.0.40219.1
Project("{FAE04EC0-301F-11D3-BF4B-00C04F79EFBC}") = "laba8", "laba8\laba8.csproj", "{A056B45E-0A13-4ADF-9F11-B8D5BA33268F}"
EndProject
Global
	GlobalSection(SolutionConfigurationPlatforms) = preSolution
		Debug|Any CPU = Debug|Any CPU
		Release|Any CPU = Release|Any CPU
	EndGlobalSection
	GlobalSection(ProjectConfigurationPlatforms) = postSolution
		{A056B45E-0A13-4ADF-9F11-B8D5BA33268F}.Debug|Any CPU.ActiveCfg = Debug|Any CPU
		{A056B45E-0A13-4ADF-9F11-B8D5BA33268F}.Debug|Any CPU.Build.0 = Debug|Any CPU
		{A056B45E-0A13-4ADF-9F11-B8D5BA33268F}.Release|Any CPU.ActiveCfg = Release|Any CPU
		{A056B45E-0A13-4ADF-9F11-B8D5BA33268F}.Release|Any CPU.Build.0 = Release|Any CPU
	EndGlobalSection
	GlobalSection(SolutionProperties) = preSolution
		HideSolutionNode = FALSE
	EndGlobalSection
	GlobalSection(ExtensibilityGlobals) = postSolution
		SolutionGuid = {461FEE56-2288-45FF-9691-81C68BA24171}
	EndGlobalSection
EndGlobal
