
Microsoft Visual Studio Solution File, Format Version 12.00
# Visual Studio Version 17
VisualStudioVersion = 17.11.35312.102
MinimumVisualStudioVersion = 10.0.40219.1
Project("{FAE04EC0-301F-11D3-BF4B-00C04F79EFBC}") = "laba10", "laba10\laba10.csproj", "{258CA48A-559F-4215-A7CD-DC580CF41F9B}"
EndProject
Global
	GlobalSection(SolutionConfigurationPlatforms) = preSolution
		Debug|Any CPU = Debug|Any CPU
		Release|Any CPU = Release|Any CPU
	EndGlobalSection
	GlobalSection(ProjectConfigurationPlatforms) = postSolution
		{258CA48A-559F-4215-A7CD-DC580CF41F9B}.Debug|Any CPU.ActiveCfg = Debug|Any CPU
		{258CA48A-559F-4215-A7CD-DC580CF41F9B}.Debug|Any CPU.Build.0 = Debug|Any CPU
		{258CA48A-559F-4215-A7CD-DC580CF41F9B}.Release|Any CPU.ActiveCfg = Release|Any CPU
		{258CA48A-559F-4215-A7CD-DC580CF41F9B}.Release|Any CPU.Build.0 = Release|Any CPU
	EndGlobalSection
	GlobalSection(SolutionProperties) = preSolution
		HideSolutionNode = FALSE
	EndGlobalSection
	GlobalSection(ExtensibilityGlobals) = postSolution
		SolutionGuid = {B789E726-806C-4DA4-A129-FACC8E61EC9C}
	EndGlobalSection
EndGlobal
